
Microsoft Visual Studio Solution File, Format Version 12.00
# Visual Studio Version 17
VisualStudioVersion = 17.4.33110.190
MinimumVisualStudioVersion = 10.0.40219.1
Project("{9A19103F-16F7-4668-BE54-9A1E7A4F7556}") = "wow.tools.local", "wow.tools.local.csproj", "{7FBFEC01-2D6F-4227-A246-4078FADAD607}"
EndProject
Project("{9A19103F-16F7-4668-BE54-9A1E7A4F7556}") = "CascLib", "CascLib\CascLib\CascLib.csproj", "{9C61914A-C8C0-4A64-BFFA-BF1ADC4054B2}"
EndProject
Project("{9A19103F-16F7-4668-BE54-9A1E7A4F7556}") = "DBCD", "DBCD\DBCD\DBCD.csproj", "{1F5BD03F-5623-4C39-8AA6-B3830B0BA8E6}"
EndProject
Project("{9A19103F-16F7-4668-BE54-9A1E7A4F7556}") = "DBDiffer", "DBDiffer\DBDiffer\DBDiffer.csproj", "{7297A6B9-1597-453D-AA1E-362D9A8570E9}"
EndProject
Project("{9A19103F-16F7-4668-BE54-9A1E7A4F7556}") = "WoWFormatLib", "WoWFormatLib\WoWFormatLib\WoWFormatLib.csproj", "{475BAAE3-AD45-46D9-9C02-81B57F2BD295}"
EndProject
Project("{9A19103F-16F7-4668-BE54-9A1E7A4F7556}") = "WoWNamingLib", "WoWNamingLib\WoWNamingLib\WoWNamingLib.csproj", "{5F3A0248-D154-4B9F-B3A8-F3610D944D3D}"
EndProject
Project("{9A19103F-16F7-4668-BE54-9A1E7A4F7556}") = "DBCD.IO", "DBCD\DBCD.IO\DBCD.IO.csproj", "{D5F8B675-6E48-48AA-841C-76EA4DE44BC6}"
EndProject
Project("{FAE04EC0-301F-11D3-BF4B-00C04F79EFBC}") = "TACTSharp", "TACTSharp\TACTSharp\TACTSharp.csproj", "{5C2453A0-9A0E-4E0F-82D4-0DC9F9F45343}"
EndProject
Global
	GlobalSection(SolutionConfigurationPlatforms) = preSolution
		Debug|Any CPU = Debug|Any CPU
		Release|Any CPU = Release|Any CPU
	EndGlobalSection
	GlobalSection(ProjectConfigurationPlatforms) = postSolution
		{7FBFEC01-2D6F-4227-A246-4078FADAD607}.Debug|Any CPU.ActiveCfg = Debug|Any CPU
		{7FBFEC01-2D6F-4227-A246-4078FADAD607}.Debug|Any CPU.Build.0 = Debug|Any CPU
		{7FBFEC01-2D6F-4227-A246-4078FADAD607}.Release|Any CPU.ActiveCfg = Release|Any CPU
		{7FBFEC01-2D6F-4227-A246-4078FADAD607}.Release|Any CPU.Build.0 = Release|Any CPU
		{9C61914A-C8C0-4A64-BFFA-BF1ADC4054B2}.Debug|Any CPU.ActiveCfg = Debug|Any CPU
		{9C61914A-C8C0-4A64-BFFA-BF1ADC4054B2}.Debug|Any CPU.Build.0 = Debug|Any CPU
		{9C61914A-C8C0-4A64-BFFA-BF1ADC4054B2}.Release|Any CPU.ActiveCfg = Release|Any CPU
		{9C61914A-C8C0-4A64-BFFA-BF1ADC4054B2}.Release|Any CPU.Build.0 = Release|Any CPU
		{1F5BD03F-5623-4C39-8AA6-B3830B0BA8E6}.Debug|Any CPU.ActiveCfg = Debug|Any CPU
		{1F5BD03F-5623-4C39-8AA6-B3830B0BA8E6}.Debug|Any CPU.Build.0 = Debug|Any CPU
		{1F5BD03F-5623-4C39-8AA6-B3830B0BA8E6}.Release|Any CPU.ActiveCfg = Release|Any CPU
		{1F5BD03F-5623-4C39-8AA6-B3830B0BA8E6}.Release|Any CPU.Build.0 = Release|Any CPU
		{7297A6B9-1597-453D-AA1E-362D9A8570E9}.Debug|Any CPU.ActiveCfg = Debug|Any CPU
		{7297A6B9-1597-453D-AA1E-362D9A8570E9}.Debug|Any CPU.Build.0 = Debug|Any CPU
		{7297A6B9-1597-453D-AA1E-362D9A8570E9}.Release|Any CPU.ActiveCfg = Release|Any CPU
		{7297A6B9-1597-453D-AA1E-362D9A8570E9}.Release|Any CPU.Build.0 = Release|Any CPU
		{475BAAE3-AD45-46D9-9C02-81B57F2BD295}.Debug|Any CPU.ActiveCfg = Debug|Any CPU
		{475BAAE3-AD45-46D9-9C02-81B57F2BD295}.Debug|Any CPU.Build.0 = Debug|Any CPU
		{475BAAE3-AD45-46D9-9C02-81B57F2BD295}.Release|Any CPU.ActiveCfg = Release|Any CPU
		{475BAAE3-AD45-46D9-9C02-81B57F2BD295}.Release|Any CPU.Build.0 = Release|Any CPU
		{5F3A0248-D154-4B9F-B3A8-F3610D944D3D}.Debug|Any CPU.ActiveCfg = Debug|Any CPU
		{5F3A0248-D154-4B9F-B3A8-F3610D944D3D}.Debug|Any CPU.Build.0 = Debug|Any CPU
		{5F3A0248-D154-4B9F-B3A8-F3610D944D3D}.Release|Any CPU.ActiveCfg = Release|Any CPU
		{5F3A0248-D154-4B9F-B3A8-F3610D944D3D}.Release|Any CPU.Build.0 = Release|Any CPU
		{D5F8B675-6E48-48AA-841C-76EA4DE44BC6}.Debug|Any CPU.ActiveCfg = Debug|Any CPU
		{D5F8B675-6E48-48AA-841C-76EA4DE44BC6}.Debug|Any CPU.Build.0 = Debug|Any CPU
		{D5F8B675-6E48-48AA-841C-76EA4DE44BC6}.Release|Any CPU.ActiveCfg = Release|Any CPU
		{D5F8B675-6E48-48AA-841C-76EA4DE44BC6}.Release|Any CPU.Build.0 = Release|Any CPU
		{5C2453A0-9A0E-4E0F-82D4-0DC9F9F45343}.Debug|Any CPU.ActiveCfg = Debug|Any CPU
		{5C2453A0-9A0E-4E0F-82D4-0DC9F9F45343}.Debug|Any CPU.Build.0 = Debug|Any CPU
		{5C2453A0-9A0E-4E0F-82D4-0DC9F9F45343}.Release|Any CPU.ActiveCfg = Release|Any CPU
		{5C2453A0-9A0E-4E0F-82D4-0DC9F9F45343}.Release|Any CPU.Build.0 = Release|Any CPU
	EndGlobalSection
	GlobalSection(SolutionProperties) = preSolution
		HideSolutionNode = FALSE
	EndGlobalSection
	GlobalSection(ExtensibilityGlobals) = postSolution
		SolutionGuid = {2C5C4859-31E8-4E3F-8234-D9D47BC5E998}
	EndGlobalSection
EndGlobal
